
Microsoft Visual Studio Solution File, Format Version 12.00
Project("{FAE04EC0-301F-11D3-BF4B-00C04F79EFBC}") = "cake-shop-backend", "cake-shop-backend.csproj", "{61C5C6A0-2345-4E23-A021-4C5645445D7E}"
EndProject
Project("{2150E333-8FDC-42A3-9474-1A3956D46DE8}") = "Solution Items", "Solution Items", "{19B58EFF-0990-4E7C-9595-99D3ECFB195E}"
	ProjectSection(SolutionItems) = preProject
		docker-compose.yml = docker-compose.yml
	EndProjectSection
EndProject
Global
	GlobalSection(SolutionConfigurationPlatforms) = preSolution
		Debug|Any CPU = Debug|Any CPU
		Release|Any CPU = Release|Any CPU
	EndGlobalSection
	GlobalSection(ProjectConfigurationPlatforms) = postSolution
		{61C5C6A0-2345-4E23-A021-4C5645445D7E}.Debug|Any CPU.ActiveCfg = Debug|Any CPU
		{61C5C6A0-2345-4E23-A021-4C5645445D7E}.Debug|Any CPU.Build.0 = Debug|Any CPU
		{61C5C6A0-2345-4E23-A021-4C5645445D7E}.Release|Any CPU.ActiveCfg = Release|Any CPU
		{61C5C6A0-2345-4E23-A021-4C5645445D7E}.Release|Any CPU.Build.0 = Release|Any CPU
	EndGlobalSection
EndGlobal
